
Microsoft Visual Studio Solution File, Format Version 12.00
# Visual Studio Version 17
VisualStudioVersion = 17.14.37301.10 d17.14
MinimumVisualStudioVersion = 10.0.40219.1
Project("{FAE04EC0-301F-11D3-BF4B-00C04F79EFBC}") = "ServiceRequestSystem", "ServiceRequestSystem\ServiceRequestSystem.csproj", "{34A0D19D-DCD9-4BC5-ABC9-5CDA31981608}"
EndProject
Global
	GlobalSection(SolutionConfigurationPlatforms) = preSolution
		Debug|Any CPU = Debug|Any CPU
		Release|Any CPU = Release|Any CPU
	EndGlobalSection
	GlobalSection(ProjectConfigurationPlatforms) = postSolution
		{34A0D19D-DCD9-4BC5-ABC9-5CDA31981608}.Debug|Any CPU.ActiveCfg = Debug|Any CPU
		{34A0D19D-DCD9-4BC5-ABC9-5CDA31981608}.Debug|Any CPU.Build.0 = Debug|Any CPU
		{34A0D19D-DCD9-4BC5-ABC9-5CDA31981608}.Release|Any CPU.ActiveCfg = Release|Any CPU
		{34A0D19D-DCD9-4BC5-ABC9-5CDA31981608}.Release|Any CPU.Build.0 = Release|Any CPU
	EndGlobalSection
	GlobalSection(SolutionProperties) = preSolution
		HideSolutionNode = FALSE
	EndGlobalSection
	GlobalSection(ExtensibilityGlobals) = postSolution
		SolutionGuid = {54014285-E23B-4270-AE10-85D45E8C274A}
	EndGlobalSection
EndGlobal
